{
  "name": "@jamon/api",
  "version": "1.0.0",
  "lockfileVersion": 1,
  "requires": true,
  "dependencies": {
    "@jamon/config": {
      "version": "file:../jamon-config"
    },
    "@jamon/data": {
      "version": "file:../jamon-data",
      "requires": {
        "markdown-it": "^8.4.2"
      },
      "dependencies": {
        "argparse": {
          "version": "1.0.10",
          "bundled": true,
          "requires": {
            "sprintf-js": "~1.0.2"
          }
        },
        "entities": {
          "version": "1.1.2",
          "bundled": true
        },
        "linkify-it": {
          "version": "2.1.0",
          "bundled": true,
          "requires": {
            "uc.micro": "^1.0.1"
          }
        },
        "markdown-it": {
          "version": "8.4.2",
          "bundled": true,
          "requires": {
            "argparse": "^1.0.7",
            "entities": "~1.1.1",
            "linkify-it": "^2.0.0",
            "mdurl": "^1.0.1",
            "uc.micro": "^1.0.5"
          }
        },
        "mdurl": {
          "version": "1.0.1",
          "bundled": true
        },
        "sprintf-js": {
          "version": "1.0.3",
          "bundled": true
        },
        "uc.micro": {
          "version": "1.0.5",
          "bundled": true
        }
      }
    }
  }
}
